// !$*UTF8*$!
{
	archiveVersion = 1;
	classes = {
	};
	objectVersion = 77;
	objects = {

/* Begin PBXBuildFile section */
		49CF05F82D084A81004EEAD8 /* Preview Assets.xcassets in Resources */ = {isa = PBXBuildFile; fileRef = 49CF05EE2D084A81004EEAD8 /* Preview Assets.xcassets */; };
		49CF05F92D084A81004EEAD8 /* chimeup.mp3 in Resources */ = {isa = PBXBuildFile; fileRef = 49CF05F22D084A81004EEAD8 /* chimeup.mp3 */; };
		49CF05FA2D084A81004EEAD8 /* success.m4a in Resources */ = {isa = PBXBuildFile; fileRef = 49CF05F32D084A81004EEAD8 /* success.m4a */; };
		49CF05FB2D084A81004EEAD8 /* Assets.xcassets in Resources */ = {isa = PBXBuildFile; fileRef = 49CF05F52D084A81004EEAD8 /* Assets.xcassets */; };
		49CF05FC2D084A81004EEAD8 /* ContentView.swift in Sources */ = {isa = PBXBuildFile; fileRef = 49CF05F02D084A81004EEAD8 /* ContentView.swift */; };
		49CF05FD2D084A81004EEAD8 /* RestartApp.swift in Sources */ = {isa = PBXBuildFile; fileRef = 49CF05F62D084A81004EEAD8 /* RestartApp.swift */; };
		49CF06042D084EF7004EEAD8 /* OnboardingView.swift in Sources */ = {isa = PBXBuildFile; fileRef = 49CF06032D084EF7004EEAD8 /* OnboardingView.swift */; };
		49CF06062D084F2E004EEAD8 /* HomeView.swift in Sources */ = {isa = PBXBuildFile; fileRef = 49CF06052D084F2E004EEAD8 /* HomeView.swift */; };
		49CF060B2D09B6D9004EEAD8 /* CircleGroup.swift in Sources */ = {isa = PBXBuildFile; fileRef = 49CF060A2D09B6D9004EEAD8 /* CircleGroup.swift */; };
/* End PBXBuildFile section */

/* Begin PBXContainerItemProxy section */
		49CF05C22D083F78004EEAD8 /* PBXContainerItemProxy */ = {
			isa = PBXContainerItemProxy;
			containerPortal = 49CF05A92D083F76004EEAD8 /* Project object */;
			proxyType = 1;
			remoteGlobalIDString = 49CF05B02D083F76004EEAD8;
			remoteInfo = Restart;
		};
		49CF05CC2D083F78004EEAD8 /* PBXContainerItemProxy */ = {
			isa = PBXContainerItemProxy;
			containerPortal = 49CF05A92D083F76004EEAD8 /* Project object */;
			proxyType = 1;
			remoteGlobalIDString = 49CF05B02D083F76004EEAD8;
			remoteInfo = Restart;
		};
/* End PBXContainerItemProxy section */

/* Begin PBXFileReference section */
		49CF05B12D083F76004EEAD8 /* Restart.app */ = {isa = PBXFileReference; explicitFileType = wrapper.application; includeInIndex = 0; path = Restart.app; sourceTree = BUILT_PRODUCTS_DIR; };
		49CF05C12D083F78004EEAD8 /* RestartTests.xctest */ = {isa = PBXFileReference; explicitFileType = wrapper.cfbundle; includeInIndex = 0; path = RestartTests.xctest; sourceTree = BUILT_PRODUCTS_DIR; };
		49CF05CB2D083F78004EEAD8 /* RestartUITests.xctest */ = {isa = PBXFileReference; explicitFileType = wrapper.cfbundle; includeInIndex = 0; path = RestartUITests.xctest; sourceTree = BUILT_PRODUCTS_DIR; };
		49CF05EE2D084A81004EEAD8 /* Preview Assets.xcassets */ = {isa = PBXFileReference; lastKnownFileType = folder.assetcatalog; path = "Preview Assets.xcassets"; sourceTree = "<group>"; };
		49CF05F02D084A81004EEAD8 /* ContentView.swift */ = {isa = PBXFileReference; lastKnownFileType = sourcecode.swift; path = ContentView.swift; sourceTree = "<group>"; };
		49CF05F22D084A81004EEAD8 /* chimeup.mp3 */ = {isa = PBXFileReference; lastKnownFileType = audio.mp3; path = chimeup.mp3; sourceTree = "<group>"; };
		49CF05F32D084A81004EEAD8 /* success.m4a */ = {isa = PBXFileReference; lastKnownFileType = file; path = success.m4a; sourceTree = "<group>"; };
		49CF05F52D084A81004EEAD8 /* Assets.xcassets */ = {isa = PBXFileReference; lastKnownFileType = folder.assetcatalog; path = Assets.xcassets; sourceTree = "<group>"; };
		49CF05F62D084A81004EEAD8 /* RestartApp.swift */ = {isa = PBXFileReference; lastKnownFileType = sourcecode.swift; path = RestartApp.swift; sourceTree = "<group>"; };
		49CF06002D084DD6004EEAD8 /* Info.plist */ = {isa = PBXFileReference; lastKnownFileType = text.plist; path = Info.plist; sourceTree = "<group>"; };
		49CF06032D084EF7004EEAD8 /* OnboardingView.swift */ = {isa = PBXFileReference; lastKnownFileType = sourcecode.swift; path = OnboardingView.swift; sourceTree = "<group>"; };
		49CF06052D084F2E004EEAD8 /* HomeView.swift */ = {isa = PBXFileReference; lastKnownFileType = sourcecode.swift; path = HomeView.swift; sourceTree = "<group>"; };
		49CF060A2D09B6D9004EEAD8 /* CircleGroup.swift */ = {isa = PBXFileReference; lastKnownFileType = sourcecode.swift; path = CircleGroup.swift; sourceTree = "<group>"; };
/* End PBXFileReference section */

/* Begin PBXFileSystemSynchronizedRootGroup section */
		49CF05C42D083F78004EEAD8 /* RestartTests */ = {
			isa = PBXFileSystemSynchronizedRootGroup;
			path = RestartTests;
			sourceTree = "<group>";
		};
		49CF05CE2D083F78004EEAD8 /* RestartUITests */ = {
			isa = PBXFileSystemSynchronizedRootGroup;
			path = RestartUITests;
			sourceTree = "<group>";
		};
/* End PBXFileSystemSynchronizedRootGroup section */

/* Begin PBXFrameworksBuildPhase section */
		49CF05AE2D083F76004EEAD8 /* Frameworks */ = {
			isa = PBXFrameworksBuildPhase;
			buildActionMask = 2147483647;
			files = (
			);
			runOnlyForDeploymentPostprocessing = 0;
		};
		49CF05BE2D083F78004EEAD8 /* Frameworks */ = {
			isa = PBXFrameworksBuildPhase;
			buildActionMask = 2147483647;
			files = (
			);
			runOnlyForDeploymentPostprocessing = 0;
		};
		49CF05C82D083F78004EEAD8 /* Frameworks */ = {
			isa = PBXFrameworksBuildPhase;
			buildActionMask = 2147483647;
			files = (
			);
			runOnlyForDeploymentPostprocessing = 0;
		};
/* End PBXFrameworksBuildPhase section */

/* Begin PBXGroup section */
		49CF05A82D083F76004EEAD8 = {
			isa = PBXGroup;
			children = (
				49CF05F72D084A81004EEAD8 /* Restart */,
				49CF05C42D083F78004EEAD8 /* RestartTests */,
				49CF05CE2D083F78004EEAD8 /* RestartUITests */,
				49CF05B22D083F76004EEAD8 /* Products */,
			);
			sourceTree = "<group>";
		};
		49CF05B22D083F76004EEAD8 /* Products */ = {
			isa = PBXGroup;
			children = (
				49CF05B12D083F76004EEAD8 /* Restart.app */,
				49CF05C12D083F78004EEAD8 /* RestartTests.xctest */,
				49CF05CB2D083F78004EEAD8 /* RestartUITests.xctest */,
			);
			name = Products;
			sourceTree = "<group>";
		};
		49CF05EF2D084A81004EEAD8 /* Preview Content */ = {
			isa = PBXGroup;
			children = (
				49CF05EE2D084A81004EEAD8 /* Preview Assets.xcassets */,
			);
			path = "Preview Content";
			sourceTree = "<group>";
		};
		49CF05F12D084A81004EEAD8 /* Screens */ = {
			isa = PBXGroup;
			children = (
				49CF05F02D084A81004EEAD8 /* ContentView.swift */,
				49CF06032D084EF7004EEAD8 /* OnboardingView.swift */,
				49CF06052D084F2E004EEAD8 /* HomeView.swift */,
			);
			path = Screens;
			sourceTree = "<group>";
		};
		49CF05F42D084A81004EEAD8 /* Sounds */ = {
			isa = PBXGroup;
			children = (
				49CF05F22D084A81004EEAD8 /* chimeup.mp3 */,
				49CF05F32D084A81004EEAD8 /* success.m4a */,
			);
			path = Sounds;
			sourceTree = "<group>";
		};
		49CF05F72D084A81004EEAD8 /* Restart */ = {
			isa = PBXGroup;
			children = (
				49CF06002D084DD6004EEAD8 /* Info.plist */,
				49CF05FF2D084ACF004EEAD8 /* Utilities */,
				49CF05FE2D084A8C004EEAD8 /* Views */,
				49CF05EF2D084A81004EEAD8 /* Preview Content */,
				49CF05F12D084A81004EEAD8 /* Screens */,
				49CF05F42D084A81004EEAD8 /* Sounds */,
				49CF05F52D084A81004EEAD8 /* Assets.xcassets */,
				49CF05F62D084A81004EEAD8 /* RestartApp.swift */,
			);
			path = Restart;
			sourceTree = "<group>";
		};
		49CF05FE2D084A8C004EEAD8 /* Views */ = {
			isa = PBXGroup;
			children = (
				49CF060A2D09B6D9004EEAD8 /* CircleGroup.swift */,
			);
			path = Views;
			sourceTree = "<group>";
		};
		49CF05FF2D084ACF004EEAD8 /* Utilities */ = {
			isa = PBXGroup;
			children = (
			);
			path = Utilities;
			sourceTree = "<group>";
		};
/* End PBXGroup section */

/* Begin PBXNativeTarget section */
		49CF05B02D083F76004EEAD8 /* Restart */ = {
			isa = PBXNativeTarget;
			buildConfigurationList = 49CF05D52D083F78004EEAD8 /* Build configuration list for PBXNativeTarget "Restart" */;
			buildPhases = (
				49CF05AD2D083F76004EEAD8 /* Sources */,
				49CF05AE2D083F76004EEAD8 /* Frameworks */,
				49CF05AF2D083F76004EEAD8 /* Resources */,
			);
			buildRules = (
			);
			dependencies = (
			);
			name = Restart;
			packageProductDependencies = (
			);
			productName = Restart;
			productReference = 49CF05B12D083F76004EEAD8 /* Restart.app */;
			productType = "com.apple.product-type.application";
		};
		49CF05C02D083F78004EEAD8 /* RestartTests */ = {
			isa = PBXNativeTarget;
			buildConfigurationList = 49CF05D82D083F78004EEAD8 /* Build configuration list for PBXNativeTarget "RestartTests" */;
			buildPhases = (
				49CF05BD2D083F78004EEAD8 /* Sources */,
				49CF05BE2D083F78004EEAD8 /* Frameworks */,
				49CF05BF2D083F78004EEAD8 /* Resources */,
			);
			buildRules = (
			);
			dependencies = (
				49CF05C32D083F78004EEAD8 /* PBXTargetDependency */,
			);
			fileSystemSynchronizedGroups = (
				49CF05C42D083F78004EEAD8 /* RestartTests */,
			);
			name = RestartTests;
			packageProductDependencies = (
			);
			productName = RestartTests;
			productReference = 49CF05C12D083F78004EEAD8 /* RestartTests.xctest */;
			productType = "com.apple.product-type.bundle.unit-test";
		};
		49CF05CA2D083F78004EEAD8 /* RestartUITests */ = {
			isa = PBXNativeTarget;
			buildConfigurationList = 49CF05DB2D083F78004EEAD8 /* Build configuration list for PBXNativeTarget "RestartUITests" */;
			buildPhases = (
				49CF05C72D083F78004EEAD8 /* Sources */,
				49CF05C82D083F78004EEAD8 /* Frameworks */,
				49CF05C92D083F78004EEAD8 /* Resources */,
			);
			buildRules = (
			);
			dependencies = (
				49CF05CD2D083F78004EEAD8 /* PBXTargetDependency */,
			);
			fileSystemSynchronizedGroups = (
				49CF05CE2D083F78004EEAD8 /* RestartUITests */,
			);
			name = RestartUITests;
			packageProductDependencies = (
			);
			productName = RestartUITests;
			productReference = 49CF05CB2D083F78004EEAD8 /* RestartUITests.xctest */;
			productType = "com.apple.product-type.bundle.ui-testing";
		};
/* End PBXNativeTarget section */

/* Begin PBXProject section */
		49CF05A92D083F76004EEAD8 /* Project object */ = {
			isa = PBXProject;
			attributes = {
				BuildIndependentTargetsInParallel = 1;
				LastSwiftUpdateCheck = 1610;
				LastUpgradeCheck = 1610;
				TargetAttributes = {
					49CF05B02D083F76004EEAD8 = {
						CreatedOnToolsVersion = 16.1;
					};
					49CF05C02D083F78004EEAD8 = {
						CreatedOnToolsVersion = 16.1;
						TestTargetID = 49CF05B02D083F76004EEAD8;
					};
					49CF05CA2D083F78004EEAD8 = {
						CreatedOnToolsVersion = 16.1;
						TestTargetID = 49CF05B02D083F76004EEAD8;
					};
				};
			};
			buildConfigurationList = 49CF05AC2D083F76004EEAD8 /* Build configuration list for PBXProject "Restart" */;
			developmentRegion = en;
			hasScannedForEncodings = 0;
			knownRegions = (
				en,
				Base,
			);
			mainGroup = 49CF05A82D083F76004EEAD8;
			minimizedProjectReferenceProxies = 1;
			preferredProjectObjectVersion = 77;
			productRefGroup = 49CF05B22D083F76004EEAD8 /* Products */;
			projectDirPath = "";
			projectRoot = "";
			targets = (
				49CF05B02D083F76004EEAD8 /* Restart */,
				49CF05C02D083F78004EEAD8 /* RestartTests */,
				49CF05CA2D083F78004EEAD8 /* RestartUITests */,
			);
		};
/* End PBXProject section */

/* Begin PBXResourcesBuildPhase section */
		49CF05AF2D083F76004EEAD8 /* Resources */ = {
			isa = PBXResourcesBuildPhase;
			buildActionMask = 2147483647;
			files = (
				49CF05F82D084A81004EEAD8 /* Preview Assets.xcassets in Resources */,
				49CF05F92D084A81004EEAD8 /* chimeup.mp3 in Resources */,
				49CF05FA2D084A81004EEAD8 /* success.m4a in Resources */,
				49CF05FB2D084A81004EEAD8 /* Assets.xcassets in Resources */,
			);
			runOnlyForDeploymentPostprocessing = 0;
		};
		49CF05BF2D083F78004EEAD8 /* Resources */ = {
			isa = PBXResourcesBuildPhase;
			buildActionMask = 2147483647;
			files = (
			);
			runOnlyForDeploymentPostprocessing = 0;
		};
		49CF05C92D083F78004EEAD8 /* Resources */ = {
			isa = PBXResourcesBuildPhase;
			buildActionMask = 2147483647;
			files = (
			);
			runOnlyForDeploymentPostprocessing = 0;
		};
/* End PBXResourcesBuildPhase section */

/* Begin PBXSourcesBuildPhase section */
		49CF05AD2D083F76004EEAD8 /* Sources */ = {
			isa = PBXSourcesBuildPhase;
			buildActionMask = 2147483647;
			files = (
				49CF06042D084EF7004EEAD8 /* OnboardingView.swift in Sources */,
				49CF06062D084F2E004EEAD8 /* HomeView.swift in Sources */,
				49CF05FC2D084A81004EEAD8 /* ContentView.swift in Sources */,
				49CF060B2D09B6D9004EEAD8 /* CircleGroup.swift in Sources */,
				49CF05FD2D084A81004EEAD8 /* RestartApp.swift in Sources */,
			);
			runOnlyForDeploymentPostprocessing = 0;
		};
		49CF05BD2D083F78004EEAD8 /* Sources */ = {
			isa = PBXSourcesBuildPhase;
			buildActionMask = 2147483647;
			files = (
			);
			runOnlyForDeploymentPostprocessing = 0;
		};
		49CF05C72D083F78004EEAD8 /* Sources */ = {
			isa = PBXSourcesBuildPhase;
			buildActionMask = 2147483647;
			files = (
			);
			runOnlyForDeploymentPostprocessing = 0;
		};
/* End PBXSourcesBuildPhase section */

/* Begin PBXTargetDependency section */
		49CF05C32D083F78004EEAD8 /* PBXTargetDependency */ = {
			isa = PBXTargetDependency;
			target = 49CF05B02D083F76004EEAD8 /* Restart */;
			targetProxy = 49CF05C22D083F78004EEAD8 /* PBXContainerItemProxy */;
		};
		49CF05CD2D083F78004EEAD8 /* PBXTargetDependency */ = {
			isa = PBXTargetDependency;
			target = 49CF05B02D083F76004EEAD8 /* Restart */;
			targetProxy = 49CF05CC2D083F78004EEAD8 /* PBXContainerItemProxy */;
		};
/* End PBXTargetDependency section */

/* Begin XCBuildConfiguration section */
		49CF05D32D083F78004EEAD8 /* Debug */ = {
			isa = XCBuildConfiguration;
			buildSettings = {
				ALWAYS_SEARCH_USER_PATHS = NO;
				ASSETCATALOG_COMPILER_GENERATE_SWIFT_ASSET_SYMBOL_EXTENSIONS = YES;
				CLANG_ANALYZER_NONNULL = YES;
				CLANG_ANALYZER_NUMBER_OBJECT_CONVERSION = YES_AGGRESSIVE;
				CLANG_CXX_LANGUAGE_STANDARD = "gnu++20";
				CLANG_ENABLE_MODULES = YES;
				CLANG_ENABLE_OBJC_ARC = YES;
				CLANG_ENABLE_OBJC_WEAK = YES;
				CLANG_WARN_BLOCK_CAPTURE_AUTORELEASING = YES;
				CLANG_WARN_BOOL_CONVERSION = YES;
				CLANG_WARN_COMMA = YES;
				CLANG_WARN_CONSTANT_CONVERSION = YES;
				CLANG_WARN_DEPRECATED_OBJC_IMPLEMENTATIONS = YES;
				CLANG_WARN_DIRECT_OBJC_ISA_USAGE = YES_ERROR;
				CLANG_WARN_DOCUMENTATION_COMMENTS = YES;
				CLANG_WARN_EMPTY_BODY = YES;
				CLANG_WARN_ENUM_CONVERSION = YES;
				CLANG_WARN_INFINITE_RECURSION = YES;
				CLANG_WARN_INT_CONVERSION = YES;
				CLANG_WARN_NON_LITERAL_NULL_CONVERSION = YES;
				CLANG_WARN_OBJC_IMPLICIT_RETAIN_SELF = YES;
				CLANG_WARN_OBJC_LITERAL_CONVERSION = YES;
				CLANG_WARN_OBJC_ROOT_CLASS = YES_ERROR;
				CLANG_WARN_QUOTED_INCLUDE_IN_FRAMEWORK_HEADER = YES;
				CLANG_WARN_RANGE_LOOP_ANALYSIS = YES;
				CLANG_WARN_STRICT_PROTOTYPES = YES;
				CLANG_WARN_SUSPICIOUS_MOVE = YES;
				CLANG_WARN_UNGUARDED_AVAILABILITY = YES_AGGRESSIVE;
				CLANG_WARN_UNREACHABLE_CODE = YES;
				CLANG_WARN__DUPLICATE_METHOD_MATCH = YES;
				COPY_PHASE_STRIP = NO;
				DEBUG_INFORMATION_FORMAT = dwarf;
				ENABLE_STRICT_OBJC_MSGSEND = YES;
				ENABLE_TESTABILITY = YES;
				ENABLE_USER_SCRIPT_SANDBOXING = YES;
				GCC_C_LANGUAGE_STANDARD = gnu17;
				GCC_DYNAMIC_NO_PIC = NO;
				GCC_NO_COMMON_BLOCKS = YES;
				GCC_OPTIMIZATION_LEVEL = 0;
				GCC_PREPROCESSOR_DEFINITIONS = (
					"DEBUG=1",
					"$(inherited)",
				);
				GCC_WARN_64_TO_32_BIT_CONVERSION = YES;
				GCC_WARN_ABOUT_RETURN_TYPE = YES_ERROR;
				GCC_WARN_UNDECLARED_SELECTOR = YES;
				GCC_WARN_UNINITIALIZED_AUTOS = YES_AGGRESSIVE;
				GCC_WARN_UNUSED_FUNCTION = YES;
				GCC_WARN_UNUSED_VARIABLE = YES;
				IPHONEOS_DEPLOYMENT_TARGET = 18.1;
				LOCALIZATION_PREFERS_STRING_CATALOGS = YES;
				MTL_ENABLE_DEBUG_INFO = INCLUDE_SOURCE;
				MTL_FAST_MATH = YES;
				ONLY_ACTIVE_ARCH = YES;
				SDKROOT = iphoneos;
				SWIFT_ACTIVE_COMPILATION_CONDITIONS = "DEBUG $(inherited)";
				SWIFT_OPTIMIZATION_LEVEL = "-Onone";
			};
			name = Debug;
		};
		49CF05D42D083F78004EEAD8 /* Release */ = {
			isa = XCBuildConfiguration;
			buildSettings = {
				ALWAYS_SEARCH_USER_PATHS = NO;
				ASSETCATALOG_COMPILER_GENERATE_SWIFT_ASSET_SYMBOL_EXTENSIONS = YES;
				CLANG_ANALYZER_NONNULL = YES;
				CLANG_ANALYZER_NUMBER_OBJECT_CONVERSION = YES_AGGRESSIVE;
				CLANG_CXX_LANGUAGE_STANDARD = "gnu++20";
				CLANG_ENABLE_MODULES = YES;
				CLANG_ENABLE_OBJC_ARC = YES;
				CLANG_ENABLE_OBJC_WEAK = YES;
				CLANG_WARN_BLOCK_CAPTURE_AUTORELEASING = YES;
				CLANG_WARN_BOOL_CONVERSION = YES;
				CLANG_WARN_COMMA = YES;
				CLANG_WARN_CONSTANT_CONVERSION = YES;
				CLANG_WARN_DEPRECATED_OBJC_IMPLEMENTATIONS = YES;
				CLANG_WARN_DIRECT_OBJC_ISA_USAGE = YES_ERROR;
				CLANG_WARN_DOCUMENTATION_COMMENTS = YES;
				CLANG_WARN_EMPTY_BODY = YES;
				CLANG_WARN_ENUM_CONVERSION = YES;
				CLANG_WARN_INFINITE_RECURSION = YES;
				CLANG_WARN_INT_CONVERSION = YES;
				CLANG_WARN_NON_LITERAL_NULL_CONVERSION = YES;
				CLANG_WARN_OBJC_IMPLICIT_RETAIN_SELF = YES;
				CLANG_WARN_OBJC_LITERAL_CONVERSION = YES;
				CLANG_WARN_OBJC_ROOT_CLASS = YES_ERROR;
				CLANG_WARN_QUOTED_INCLUDE_IN_FRAMEWORK_HEADER = YES;
				CLANG_WARN_RANGE_LOOP_ANALYSIS = YES;
				CLANG_WARN_STRICT_PROTOTYPES = YES;
				CLANG_WARN_SUSPICIOUS_MOVE = YES;
				CLANG_WARN_UNGUARDED_AVAILABILITY = YES_AGGRESSIVE;
				CLANG_WARN_UNREACHABLE_CODE = YES;
				CLANG_WARN__DUPLICATE_METHOD_MATCH = YES;
				COPY_PHASE_STRIP = NO;
				DEBUG_INFORMATION_FORMAT = "dwarf-with-dsym";
				ENABLE_NS_ASSERTIONS = NO;
				ENABLE_STRICT_OBJC_MSGSEND = YES;
				ENABLE_USER_SCRIPT_SANDBOXING = YES;
				GCC_C_LANGUAGE_STANDARD = gnu17;
				GCC_NO_COMMON_BLOCKS = YES;
				GCC_WARN_64_TO_32_BIT_CONVERSION = YES;
				GCC_WARN_ABOUT_RETURN_TYPE = YES_ERROR;
				GCC_WARN_UNDECLARED_SELECTOR = YES;
				GCC_WARN_UNINITIALIZED_AUTOS = YES_AGGRESSIVE;
				GCC_WARN_UNUSED_FUNCTION = YES;
				GCC_WARN_UNUSED_VARIABLE = YES;
				IPHONEOS_DEPLOYMENT_TARGET = 18.1;
				LOCALIZATION_PREFERS_STRING_CATALOGS = YES;
				MTL_ENABLE_DEBUG_INFO = NO;
				MTL_FAST_MATH = YES;
				SDKROOT = iphoneos;
				SWIFT_COMPILATION_MODE = wholemodule;
				VALIDATE_PRODUCT = YES;
			};
			name = Release;
		};
		49CF05D62D083F78004EEAD8 /* Debug */ = {
			isa = XCBuildConfiguration;
			buildSettings = {
				ASSETCATALOG_COMPILER_APPICON_NAME = AppIcon;
				ASSETCATALOG_COMPILER_GLOBAL_ACCENT_COLOR_NAME = AccentColor;
				CODE_SIGN_STYLE = Automatic;
				CURRENT_PROJECT_VERSION = 1;
				DEVELOPMENT_ASSET_PATHS = "\"Restart/Preview Content\"";
				DEVELOPMENT_TEAM = 5UAB2YDZ59;
				ENABLE_PREVIEWS = YES;
				GENERATE_INFOPLIST_FILE = YES;
				INFOPLIST_FILE = Restart/Info.plist;
				INFOPLIST_KEY_CFBundleDisplayName = Restart;
				INFOPLIST_KEY_UIApplicationSceneManifest_Generation = YES;
				INFOPLIST_KEY_UIApplicationSupportsIndirectInputEvents = YES;
				INFOPLIST_KEY_UISupportedInterfaceOrientations = UIInterfaceOrientationPortrait;
				LD_RUNPATH_SEARCH_PATHS = (
					"$(inherited)",
					"@executable_path/Frameworks",
				);
				MARKETING_VERSION = 1.0;
				PRODUCT_BUNDLE_IDENTIFIER = ImplementUnitTesting.Restart;
				PRODUCT_NAME = "$(TARGET_NAME)";
				SWIFT_EMIT_LOC_STRINGS = YES;
				SWIFT_VERSION = 5.0;
				TARGETED_DEVICE_FAMILY = "1,2";
			};
			name = Debug;
		};
		49CF05D72D083F78004EEAD8 /* Release */ = {
			isa = XCBuildConfiguration;
			buildSettings = {
				ASSETCATALOG_COMPILER_APPICON_NAME = AppIcon;
				ASSETCATALOG_COMPILER_GLOBAL_ACCENT_COLOR_NAME = AccentColor;
				CODE_SIGN_STYLE = Automatic;
				CURRENT_PROJECT_VERSION = 1;
				DEVELOPMENT_ASSET_PATHS = "\"Restart/Preview Content\"";
				DEVELOPMENT_TEAM = 5UAB2YDZ59;
				ENABLE_PREVIEWS = YES;
				GENERATE_INFOPLIST_FILE = YES;
				INFOPLIST_FILE = Restart/Info.plist;
				INFOPLIST_KEY_CFBundleDisplayName = Restart;
				INFOPLIST_KEY_UIApplicationSceneManifest_Generation = YES;
				INFOPLIST_KEY_UIApplicationSupportsIndirectInputEvents = YES;
				INFOPLIST_KEY_UISupportedInterfaceOrientations = UIInterfaceOrientationPortrait;
				LD_RUNPATH_SEARCH_PATHS = (
					"$(inherited)",
					"@executable_path/Frameworks",
				);
				MARKETING_VERSION = 1.0;
				PRODUCT_BUNDLE_IDENTIFIER = ImplementUnitTesting.Restart;
				PRODUCT_NAME = "$(TARGET_NAME)";
				SWIFT_EMIT_LOC_STRINGS = YES;
				SWIFT_VERSION = 5.0;
				TARGETED_DEVICE_FAMILY = "1,2";
			};
			name = Release;
		};
		49CF05D92D083F78004EEAD8 /* Debug */ = {
			isa = XCBuildConfiguration;
			buildSettings = {
				BUNDLE_LOADER = "$(TEST_HOST)";
				CODE_SIGN_STYLE = Automatic;
				CURRENT_PROJECT_VERSION = 1;
				DEVELOPMENT_TEAM = 5UAB2YDZ59;
				GENERATE_INFOPLIST_FILE = YES;
				IPHONEOS_DEPLOYMENT_TARGET = 18.1;
				MARKETING_VERSION = 1.0;
				PRODUCT_BUNDLE_IDENTIFIER = ImplementUnitTesting.RestartTests;
				PRODUCT_NAME = "$(TARGET_NAME)";
				SWIFT_EMIT_LOC_STRINGS = NO;
				SWIFT_VERSION = 5.0;
				TARGETED_DEVICE_FAMILY = "1,2";
				TEST_HOST = "$(BUILT_PRODUCTS_DIR)/Restart.app/$(BUNDLE_EXECUTABLE_FOLDER_PATH)/Restart";
			};
			name = Debug;
		};
		49CF05DA2D083F78004EEAD8 /* Release */ = {
			isa = XCBuildConfiguration;
			buildSettings = {
				BUNDLE_LOADER = "$(TEST_HOST)";
				CODE_SIGN_STYLE = Automatic;
				CURRENT_PROJECT_VERSION = 1;
				DEVELOPMENT_TEAM = 5UAB2YDZ59;
				GENERATE_INFOPLIST_FILE = YES;
				IPHONEOS_DEPLOYMENT_TARGET = 18.1;
				MARKETING_VERSION = 1.0;
				PRODUCT_BUNDLE_IDENTIFIER = ImplementUnitTesting.RestartTests;
				PRODUCT_NAME = "$(TARGET_NAME)";
				SWIFT_EMIT_LOC_STRINGS = NO;
				SWIFT_VERSION = 5.0;
				TARGETED_DEVICE_FAMILY = "1,2";
				TEST_HOST = "$(BUILT_PRODUCTS_DIR)/Restart.app/$(BUNDLE_EXECUTABLE_FOLDER_PATH)/Restart";
			};
			name = Release;
		};
		49CF05DC2D083F78004EEAD8 /* Debug */ = {
			isa = XCBuildConfiguration;
			buildSettings = {
				CODE_SIGN_STYLE = Automatic;
				CURRENT_PROJECT_VERSION = 1;
				DEVELOPMENT_TEAM = 5UAB2YDZ59;
				GENERATE_INFOPLIST_FILE = YES;
				MARKETING_VERSION = 1.0;
				PRODUCT_BUNDLE_IDENTIFIER = ImplementUnitTesting.RestartUITests;
				PRODUCT_NAME = "$(TARGET_NAME)";
				SWIFT_EMIT_LOC_STRINGS = NO;
				SWIFT_VERSION = 5.0;
				TARGETED_DEVICE_FAMILY = "1,2";
				TEST_TARGET_NAME = Restart;
			};
			name = Debug;
		};
		49CF05DD2D083F78004EEAD8 /* Release */ = {
			isa = XCBuildConfiguration;
			buildSettings = {
				CODE_SIGN_STYLE = Automatic;
				CURRENT_PROJECT_VERSION = 1;
				DEVELOPMENT_TEAM = 5UAB2YDZ59;
				GENERATE_INFOPLIST_FILE = YES;
				MARKETING_VERSION = 1.0;
				PRODUCT_BUNDLE_IDENTIFIER = ImplementUnitTesting.RestartUITests;
				PRODUCT_NAME = "$(TARGET_NAME)";
				SWIFT_EMIT_LOC_STRINGS = NO;
				SWIFT_VERSION = 5.0;
				TARGETED_DEVICE_FAMILY = "1,2";
				TEST_TARGET_NAME = Restart;
			};
			name = Release;
		};
/* End XCBuildConfiguration section */

/* Begin XCConfigurationList section */
		49CF05AC2D083F76004EEAD8 /* Build configuration list for PBXProject "Restart" */ = {
			isa = XCConfigurationList;
			buildConfigurations = (
				49CF05D32D083F78004EEAD8 /* Debug */,
				49CF05D42D083F78004EEAD8 /* Release */,
			);
			defaultConfigurationIsVisible = 0;
			defaultConfigurationName = Release;
		};
		49CF05D52D083F78004EEAD8 /* Build configuration list for PBXNativeTarget "Restart" */ = {
			isa = XCConfigurationList;
			buildConfigurations = (
				49CF05D62D083F78004EEAD8 /* Debug */,
				49CF05D72D083F78004EEAD8 /* Release */,
			);
			defaultConfigurationIsVisible = 0;
			defaultConfigurationName = Release;
		};
		49CF05D82D083F78004EEAD8 /* Build configuration list for PBXNativeTarget "RestartTests" */ = {
			isa = XCConfigurationList;
			buildConfigurations = (
				49CF05D92D083F78004EEAD8 /* Debug */,
				49CF05DA2D083F78004EEAD8 /* Release */,
			);
			defaultConfigurationIsVisible = 0;
			defaultConfigurationName = Release;
		};
		49CF05DB2D083F78004EEAD8 /* Build configuration list for PBXNativeTarget "RestartUITests" */ = {
			isa = XCConfigurationList;
			buildConfigurations = (
				49CF05DC2D083F78004EEAD8 /* Debug */,
				49CF05DD2D083F78004EEAD8 /* Release */,
			);
			defaultConfigurationIsVisible = 0;
			defaultConfigurationName = Release;
		};
/* End XCConfigurationList section */
	};
	rootObject = 49CF05A92D083F76004EEAD8 /* Project object */;
}
